// !$*UTF8*$!
{
	archiveVersion = 1;
	classes = {
	};
	objectVersion = 50;
	objects = {

/* Begin PBXBuildFile section */
		5EEE4A92D1289E75A86FA75E /* Pods_Dev_smack.framework in Frameworks */ = {isa = PBXBuildFile; fileRef = C8B57B0F2B13448612501BCA /* Pods_Dev_smack.framework */; };
		631956AD227CFDCA00E04C9E /* GradientView.swift in Sources */ = {isa = PBXBuildFile; fileRef = 631956AC227CFDCA00E04C9E /* GradientView.swift */; };
		631956B0227D20E900E04C9E /* Constants.swift in Sources */ = {isa = PBXBuildFile; fileRef = 631956AF227D20E900E04C9E /* Constants.swift */; };
		6339A21B228358DF00157FF3 /* MessageService.swift in Sources */ = {isa = PBXBuildFile; fileRef = 6339A21A228358DF00157FF3 /* MessageService.swift */; };
		6339A21D2283591900157FF3 /* Channel.swift in Sources */ = {isa = PBXBuildFile; fileRef = 6339A21C2283591900157FF3 /* Channel.swift */; };
		633AB243227E31F0005FDC1C /* LoginVC.swift in Sources */ = {isa = PBXBuildFile; fileRef = 633AB242227E31F0005FDC1C /* LoginVC.swift */; };
		633AB245227E33C0005FDC1C /* CreateAccountVC.swift in Sources */ = {isa = PBXBuildFile; fileRef = 633AB244227E33C0005FDC1C /* CreateAccountVC.swift */; };
		633CFA74227BFEC80015613E /* SWRevealViewController.m in Sources */ = {isa = PBXBuildFile; fileRef = 633CFA73227BFEC80015613E /* SWRevealViewController.m */; };
		633CFA79227C02C60015613E /* ChatVC.swift in Sources */ = {isa = PBXBuildFile; fileRef = 633CFA78227C02C60015613E /* ChatVC.swift */; };
		633CFA7B227C02E00015613E /* ChannelVC.swift in Sources */ = {isa = PBXBuildFile; fileRef = 633CFA7A227C02E00015613E /* ChannelVC.swift */; };
		63456F712280D26300322818 /* UserDataService.swift in Sources */ = {isa = PBXBuildFile; fileRef = 63456F702280D26300322818 /* UserDataService.swift */; };
		6346F26F228264F5008FA020 /* CircleImage.swift in Sources */ = {isa = PBXBuildFile; fileRef = 6346F26E228264F5008FA020 /* CircleImage.swift */; };
		6346F2722282B57E008FA020 /* ProfileVC.swift in Sources */ = {isa = PBXBuildFile; fileRef = 6346F2702282B57E008FA020 /* ProfileVC.swift */; };
		6346F2732282B57E008FA020 /* ProfileVC.xib in Resources */ = {isa = PBXBuildFile; fileRef = 6346F2712282B57E008FA020 /* ProfileVC.xib */; };
		635405C82280FA4F0013AC84 /* AvatarPickerVC.swift in Sources */ = {isa = PBXBuildFile; fileRef = 635405C72280FA4F0013AC84 /* AvatarPickerVC.swift */; };
		635405CA2280FC490013AC84 /* AvatarCell.swift in Sources */ = {isa = PBXBuildFile; fileRef = 635405C92280FC490013AC84 /* AvatarCell.swift */; };
		635D44BF227BF27800990706 /* AppDelegate.swift in Sources */ = {isa = PBXBuildFile; fileRef = 635D44BE227BF27800990706 /* AppDelegate.swift */; };
		635D44C4227BF27800990706 /* Main.storyboard in Resources */ = {isa = PBXBuildFile; fileRef = 635D44C2227BF27800990706 /* Main.storyboard */; };
		635D44C6227BF27900990706 /* Assets.xcassets in Resources */ = {isa = PBXBuildFile; fileRef = 635D44C5227BF27900990706 /* Assets.xcassets */; };
		635D44C9227BF27900990706 /* LaunchScreen.storyboard in Resources */ = {isa = PBXBuildFile; fileRef = 635D44C7227BF27900990706 /* LaunchScreen.storyboard */; };
		6368D933227FB3C300070208 /* AuthService.swift in Sources */ = {isa = PBXBuildFile; fileRef = 6368D932227FB3C300070208 /* AuthService.swift */; };
		6368D935227FF0AB00070208 /* RoundedButton.swift in Sources */ = {isa = PBXBuildFile; fileRef = 6368D934227FF0AA00070208 /* RoundedButton.swift */; };
		637D15A22283A98900E5FF8E /* ChannelCell.swift in Sources */ = {isa = PBXBuildFile; fileRef = 637D15A12283A98900E5FF8E /* ChannelCell.swift */; };
		637D15A52283BE3700E5FF8E /* AddChannelVC.swift in Sources */ = {isa = PBXBuildFile; fileRef = 637D15A32283BE3700E5FF8E /* AddChannelVC.swift */; };
		637D15A62283BE3700E5FF8E /* AddChannelVC.xib in Resources */ = {isa = PBXBuildFile; fileRef = 637D15A42283BE3700E5FF8E /* AddChannelVC.xib */; };
/* End PBXBuildFile section */

/* Begin PBXFileReference section */
		5EAAC2103BBC23ACF7AA2416 /* Pods-Dev-smack.release.xcconfig */ = {isa = PBXFileReference; includeInIndex = 1; lastKnownFileType = text.xcconfig; name = "Pods-Dev-smack.release.xcconfig"; path = "Pods/Target Support Files/Pods-Dev-smack/Pods-Dev-smack.release.xcconfig"; sourceTree = "<group>"; };
		631956AC227CFDCA00E04C9E /* GradientView.swift */ = {isa = PBXFileReference; lastKnownFileType = sourcecode.swift; path = GradientView.swift; sourceTree = "<group>"; };
		631956AF227D20E900E04C9E /* Constants.swift */ = {isa = PBXFileReference; lastKnownFileType = sourcecode.swift; path = Constants.swift; sourceTree = "<group>"; };
		6339A21A228358DF00157FF3 /* MessageService.swift */ = {isa = PBXFileReference; lastKnownFileType = sourcecode.swift; path = MessageService.swift; sourceTree = "<group>"; };
		6339A21C2283591900157FF3 /* Channel.swift */ = {isa = PBXFileReference; lastKnownFileType = sourcecode.swift; path = Channel.swift; sourceTree = "<group>"; };
		633AB242227E31F0005FDC1C /* LoginVC.swift */ = {isa = PBXFileReference; lastKnownFileType = sourcecode.swift; path = LoginVC.swift; sourceTree = "<group>"; };
		633AB244227E33C0005FDC1C /* CreateAccountVC.swift */ = {isa = PBXFileReference; lastKnownFileType = sourcecode.swift; path = CreateAccountVC.swift; sourceTree = "<group>"; };
		633CFA70227BFEC60015613E /* Dev-smack-Bridging-Header.h */ = {isa = PBXFileReference; lastKnownFileType = sourcecode.c.h; path = "Dev-smack-Bridging-Header.h"; sourceTree = "<group>"; };
		633CFA72227BFEC80015613E /* SWRevealViewController.h */ = {isa = PBXFileReference; fileEncoding = 4; lastKnownFileType = sourcecode.c.h; path = SWRevealViewController.h; sourceTree = "<group>"; };
		633CFA73227BFEC80015613E /* SWRevealViewController.m */ = {isa = PBXFileReference; fileEncoding = 4; lastKnownFileType = sourcecode.c.objc; path = SWRevealViewController.m; sourceTree = "<group>"; };
		633CFA78227C02C60015613E /* ChatVC.swift */ = {isa = PBXFileReference; lastKnownFileType = sourcecode.swift; path = ChatVC.swift; sourceTree = "<group>"; };
		633CFA7A227C02E00015613E /* ChannelVC.swift */ = {isa = PBXFileReference; lastKnownFileType = sourcecode.swift; path = ChannelVC.swift; sourceTree = "<group>"; };
		63456F702280D26300322818 /* UserDataService.swift */ = {isa = PBXFileReference; lastKnownFileType = sourcecode.swift; path = UserDataService.swift; sourceTree = "<group>"; };
		6346F26E228264F5008FA020 /* CircleImage.swift */ = {isa = PBXFileReference; lastKnownFileType = sourcecode.swift; path = CircleImage.swift; sourceTree = "<group>"; };
		6346F2702282B57E008FA020 /* ProfileVC.swift */ = {isa = PBXFileReference; lastKnownFileType = sourcecode.swift; path = ProfileVC.swift; sourceTree = "<group>"; };
		6346F2712282B57E008FA020 /* ProfileVC.xib */ = {isa = PBXFileReference; lastKnownFileType = file.xib; path = ProfileVC.xib; sourceTree = "<group>"; };
		635405C72280FA4F0013AC84 /* AvatarPickerVC.swift */ = {isa = PBXFileReference; lastKnownFileType = sourcecode.swift; path = AvatarPickerVC.swift; sourceTree = "<group>"; };
		635405C92280FC490013AC84 /* AvatarCell.swift */ = {isa = PBXFileReference; lastKnownFileType = sourcecode.swift; path = AvatarCell.swift; sourceTree = "<group>"; };
		635D44BB227BF27800990706 /* Dev-smack.app */ = {isa = PBXFileReference; explicitFileType = wrapper.application; includeInIndex = 0; path = "Dev-smack.app"; sourceTree = BUILT_PRODUCTS_DIR; };
		635D44BE227BF27800990706 /* AppDelegate.swift */ = {isa = PBXFileReference; lastKnownFileType = sourcecode.swift; path = AppDelegate.swift; sourceTree = "<group>"; };
		635D44C3227BF27800990706 /* Base */ = {isa = PBXFileReference; lastKnownFileType = file.storyboard; name = Base; path = Base.lproj/Main.storyboard; sourceTree = "<group>"; };
		635D44C5227BF27900990706 /* Assets.xcassets */ = {isa = PBXFileReference; lastKnownFileType = folder.assetcatalog; path = Assets.xcassets; sourceTree = "<group>"; };
		635D44C8227BF27900990706 /* Base */ = {isa = PBXFileReference; lastKnownFileType = file.storyboard; name = Base; path = Base.lproj/LaunchScreen.storyboard; sourceTree = "<group>"; };
		635D44CA227BF27900990706 /* Info.plist */ = {isa = PBXFileReference; lastKnownFileType = text.plist.xml; path = Info.plist; sourceTree = "<group>"; };
		6368D932227FB3C300070208 /* AuthService.swift */ = {isa = PBXFileReference; lastKnownFileType = sourcecode.swift; path = AuthService.swift; sourceTree = "<group>"; };
		6368D934227FF0AA00070208 /* RoundedButton.swift */ = {isa = PBXFileReference; lastKnownFileType = sourcecode.swift; path = RoundedButton.swift; sourceTree = "<group>"; };
		637D15A12283A98900E5FF8E /* ChannelCell.swift */ = {isa = PBXFileReference; lastKnownFileType = sourcecode.swift; path = ChannelCell.swift; sourceTree = "<group>"; };
		637D15A32283BE3700E5FF8E /* AddChannelVC.swift */ = {isa = PBXFileReference; lastKnownFileType = sourcecode.swift; path = AddChannelVC.swift; sourceTree = "<group>"; };
		637D15A42283BE3700E5FF8E /* AddChannelVC.xib */ = {isa = PBXFileReference; lastKnownFileType = file.xib; path = AddChannelVC.xib; sourceTree = "<group>"; };
		8946E5147F33D134DB5E3342 /* Pods-Dev-smack.debug.xcconfig */ = {isa = PBXFileReference; includeInIndex = 1; lastKnownFileType = text.xcconfig; name = "Pods-Dev-smack.debug.xcconfig"; path = "Pods/Target Support Files/Pods-Dev-smack/Pods-Dev-smack.debug.xcconfig"; sourceTree = "<group>"; };
		C8B57B0F2B13448612501BCA /* Pods_Dev_smack.framework */ = {isa = PBXFileReference; explicitFileType = wrapper.framework; includeInIndex = 0; path = Pods_Dev_smack.framework; sourceTree = BUILT_PRODUCTS_DIR; };
/* End PBXFileReference section */

/* Begin PBXFrameworksBuildPhase section */
		635D44B8227BF27800990706 /* Frameworks */ = {
			isa = PBXFrameworksBuildPhase;
			buildActionMask = 2147483647;
			files = (
				5EEE4A92D1289E75A86FA75E /* Pods_Dev_smack.framework in Frameworks */,
			);
			runOnlyForDeploymentPostprocessing = 0;
		};
/* End PBXFrameworksBuildPhase section */

/* Begin PBXGroup section */
		604B5E36C35007DFEB1B8775 /* Pods */ = {
			isa = PBXGroup;
			children = (
				8946E5147F33D134DB5E3342 /* Pods-Dev-smack.debug.xcconfig */,
				5EAAC2103BBC23ACF7AA2416 /* Pods-Dev-smack.release.xcconfig */,
			);
			name = Pods;
			sourceTree = "<group>";
		};
		631956AE227D20B200E04C9E /* Utilities */ = {
			isa = PBXGroup;
			children = (
				631956AF227D20E900E04C9E /* Constants.swift */,
			);
			path = Utilities;
			sourceTree = "<group>";
		};
		633CFA6F227BFE810015613E /* Supporting Files */ = {
			isa = PBXGroup;
			children = (
				633CFA72227BFEC80015613E /* SWRevealViewController.h */,
				633CFA73227BFEC80015613E /* SWRevealViewController.m */,
				633CFA70227BFEC60015613E /* Dev-smack-Bridging-Header.h */,
			);
			path = "Supporting Files";
			sourceTree = "<group>";
		};
		633CFA75227C02840015613E /* Controller */ = {
			isa = PBXGroup;
			children = (
				633CFA78227C02C60015613E /* ChatVC.swift */,
				633CFA7A227C02E00015613E /* ChannelVC.swift */,
				633AB242227E31F0005FDC1C /* LoginVC.swift */,
				633AB244227E33C0005FDC1C /* CreateAccountVC.swift */,
				635405C72280FA4F0013AC84 /* AvatarPickerVC.swift */,
				6346F2702282B57E008FA020 /* ProfileVC.swift */,
				637D15A32283BE3700E5FF8E /* AddChannelVC.swift */,
			);
			path = Controller;
			sourceTree = "<group>";
		};
		633CFA76227C02950015613E /* View */ = {
			isa = PBXGroup;
			children = (
				631956AC227CFDCA00E04C9E /* GradientView.swift */,
				6368D934227FF0AA00070208 /* RoundedButton.swift */,
				635405C92280FC490013AC84 /* AvatarCell.swift */,
				6346F26E228264F5008FA020 /* CircleImage.swift */,
				637D15A12283A98900E5FF8E /* ChannelCell.swift */,
			);
			path = View;
			sourceTree = "<group>";
		};
		633CFA77227C029F0015613E /* Model */ = {
			isa = PBXGroup;
			children = (
				6339A21C2283591900157FF3 /* Channel.swift */,
			);
			path = Model;
			sourceTree = "<group>";
		};
		6346F2742282B5A2008FA020 /* XIBs */ = {
			isa = PBXGroup;
			children = (
				6346F2712282B57E008FA020 /* ProfileVC.xib */,
				637D15A42283BE3700E5FF8E /* AddChannelVC.xib */,
			);
			path = XIBs;
			sourceTree = "<group>";
		};
		635D44B2227BF27800990706 = {
			isa = PBXGroup;
			children = (
				635D44BD227BF27800990706 /* Dev-smack */,
				635D44BC227BF27800990706 /* Products */,
				604B5E36C35007DFEB1B8775 /* Pods */,
				F890DD9A13ADA5EBF1E9E617 /* Frameworks */,
			);
			sourceTree = "<group>";
		};
		635D44BC227BF27800990706 /* Products */ = {
			isa = PBXGroup;
			children = (
				635D44BB227BF27800990706 /* Dev-smack.app */,
			);
			name = Products;
			sourceTree = "<group>";
		};
		635D44BD227BF27800990706 /* Dev-smack */ = {
			isa = PBXGroup;
			children = (
				6346F2742282B5A2008FA020 /* XIBs */,
				6368D931227FB39C00070208 /* Services */,
				631956AE227D20B200E04C9E /* Utilities */,
				633CFA77227C029F0015613E /* Model */,
				633CFA76227C02950015613E /* View */,
				633CFA75227C02840015613E /* Controller */,
				633CFA6F227BFE810015613E /* Supporting Files */,
				635D44BE227BF27800990706 /* AppDelegate.swift */,
				635D44C2227BF27800990706 /* Main.storyboard */,
				635D44C5227BF27900990706 /* Assets.xcassets */,
				635D44C7227BF27900990706 /* LaunchScreen.storyboard */,
				635D44CA227BF27900990706 /* Info.plist */,
			);
			path = "Dev-smack";
			sourceTree = "<group>";
		};
		6368D931227FB39C00070208 /* Services */ = {
			isa = PBXGroup;
			children = (
				6368D932227FB3C300070208 /* AuthService.swift */,
				63456F702280D26300322818 /* UserDataService.swift */,
				6339A21A228358DF00157FF3 /* MessageService.swift */,
			);
			path = Services;
			sourceTree = "<group>";
		};
		F890DD9A13ADA5EBF1E9E617 /* Frameworks */ = {
			isa = PBXGroup;
			children = (
				C8B57B0F2B13448612501BCA /* Pods_Dev_smack.framework */,
			);
			name = Frameworks;
			sourceTree = "<group>";
		};
/* End PBXGroup section */

/* Begin PBXNativeTarget section */
		635D44BA227BF27800990706 /* Dev-smack */ = {
			isa = PBXNativeTarget;
			buildConfigurationList = 635D44CD227BF27900990706 /* Build configuration list for PBXNativeTarget "Dev-smack" */;
			buildPhases = (
				CB565ACADFC5E94DF22E9CD7 /* [CP] Check Pods Manifest.lock */,
				635D44B7227BF27800990706 /* Sources */,
				635D44B8227BF27800990706 /* Frameworks */,
				635D44B9227BF27800990706 /* Resources */,
				E38376A804B841376A8ADADB /* [CP] Embed Pods Frameworks */,
			);
			buildRules = (
			);
			dependencies = (
			);
			name = "Dev-smack";
			productName = "Dev-smack";
			productReference = 635D44BB227BF27800990706 /* Dev-smack.app */;
			productType = "com.apple.product-type.application";
		};
/* End PBXNativeTarget section */

/* Begin PBXProject section */
		635D44B3227BF27800990706 /* Project object */ = {
			isa = PBXProject;
			attributes = {
				LastSwiftUpdateCheck = 1020;
				LastUpgradeCheck = 1020;
				ORGANIZATIONNAME = Hammerhead96;
				TargetAttributes = {
					635D44BA227BF27800990706 = {
						CreatedOnToolsVersion = 10.2.1;
						LastSwiftMigration = 1020;
					};
				};
			};
			buildConfigurationList = 635D44B6227BF27800990706 /* Build configuration list for PBXProject "Dev-smack" */;
			compatibilityVersion = "Xcode 9.3";
			developmentRegion = en;
			hasScannedForEncodings = 0;
			knownRegions = (
				en,
				Base,
			);
			mainGroup = 635D44B2227BF27800990706;
			productRefGroup = 635D44BC227BF27800990706 /* Products */;
			projectDirPath = "";
			projectRoot = "";
			targets = (
				635D44BA227BF27800990706 /* Dev-smack */,
			);
		};
/* End PBXProject section */

/* Begin PBXResourcesBuildPhase section */
		635D44B9227BF27800990706 /* Resources */ = {
			isa = PBXResourcesBuildPhase;
			buildActionMask = 2147483647;
			files = (
				637D15A62283BE3700E5FF8E /* AddChannelVC.xib in Resources */,
				6346F2732282B57E008FA020 /* ProfileVC.xib in Resources */,
				635D44C9227BF27900990706 /* LaunchScreen.storyboard in Resources */,
				635D44C6227BF27900990706 /* Assets.xcassets in Resources */,
				635D44C4227BF27800990706 /* Main.storyboard in Resources */,
			);
			runOnlyForDeploymentPostprocessing = 0;
		};
/* End PBXResourcesBuildPhase section */

/* Begin PBXShellScriptBuildPhase section */
		CB565ACADFC5E94DF22E9CD7 /* [CP] Check Pods Manifest.lock */ = {
			isa = PBXShellScriptBuildPhase;
			buildActionMask = 2147483647;
			files = (
			);
			inputPaths = (
				"${PODS_PODFILE_DIR_PATH}/Podfile.lock",
				"${PODS_ROOT}/Manifest.lock",
			);
			name = "[CP] Check Pods Manifest.lock";
			outputPaths = (
				"$(DERIVED_FILE_DIR)/Pods-Dev-smack-checkManifestLockResult.txt",
			);
			runOnlyForDeploymentPostprocessing = 0;
			shellPath = /bin/sh;
			shellScript = "diff \"${PODS_PODFILE_DIR_PATH}/Podfile.lock\" \"${PODS_ROOT}/Manifest.lock\" > /dev/null\nif [ $? != 0 ] ; then\n    # print error to STDERR\n    echo \"error: The sandbox is not in sync with the Podfile.lock. Run 'pod install' or update your CocoaPods installation.\" >&2\n    exit 1\nfi\n# This output is used by Xcode 'outputs' to avoid re-running this script phase.\necho \"SUCCESS\" > \"${SCRIPT_OUTPUT_FILE_0}\"\n";
			showEnvVarsInLog = 0;
		};
		E38376A804B841376A8ADADB /* [CP] Embed Pods Frameworks */ = {
			isa = PBXShellScriptBuildPhase;
			buildActionMask = 2147483647;
			files = (
			);
			inputPaths = (
				"${SRCROOT}/Pods/Target Support Files/Pods-Dev-smack/Pods-Dev-smack-frameworks.sh",
				"${BUILT_PRODUCTS_DIR}/Alamofire/Alamofire.framework",
				"${BUILT_PRODUCTS_DIR}/Socket.IO-Client-Swift/SocketIO.framework",
				"${BUILT_PRODUCTS_DIR}/Starscream/Starscream.framework",
				"${BUILT_PRODUCTS_DIR}/SwiftyJSON/SwiftyJSON.framework",
			);
			name = "[CP] Embed Pods Frameworks";
			outputPaths = (
				"${TARGET_BUILD_DIR}/${FRAMEWORKS_FOLDER_PATH}/Alamofire.framework",
				"${TARGET_BUILD_DIR}/${FRAMEWORKS_FOLDER_PATH}/SocketIO.framework",
				"${TARGET_BUILD_DIR}/${FRAMEWORKS_FOLDER_PATH}/Starscream.framework",
				"${TARGET_BUILD_DIR}/${FRAMEWORKS_FOLDER_PATH}/SwiftyJSON.framework",
			);
			runOnlyForDeploymentPostprocessing = 0;
			shellPath = /bin/sh;
			shellScript = "\"${SRCROOT}/Pods/Target Support Files/Pods-Dev-smack/Pods-Dev-smack-frameworks.sh\"\n";
			showEnvVarsInLog = 0;
		};
/* End PBXShellScriptBuildPhase section */

/* Begin PBXSourcesBuildPhase section */
		635D44B7227BF27800990706 /* Sources */ = {
			isa = PBXSourcesBuildPhase;
			buildActionMask = 2147483647;
			files = (
				6346F2722282B57E008FA020 /* ProfileVC.swift in Sources */,
				637D15A22283A98900E5FF8E /* ChannelCell.swift in Sources */,
				633CFA7B227C02E00015613E /* ChannelVC.swift in Sources */,
				635405C82280FA4F0013AC84 /* AvatarPickerVC.swift in Sources */,
				6368D935227FF0AB00070208 /* RoundedButton.swift in Sources */,
				6339A21D2283591900157FF3 /* Channel.swift in Sources */,
				6346F26F228264F5008FA020 /* CircleImage.swift in Sources */,
				6339A21B228358DF00157FF3 /* MessageService.swift in Sources */,
				633CFA79227C02C60015613E /* ChatVC.swift in Sources */,
				63456F712280D26300322818 /* UserDataService.swift in Sources */,
				633AB245227E33C0005FDC1C /* CreateAccountVC.swift in Sources */,
				6368D933227FB3C300070208 /* AuthService.swift in Sources */,
				633AB243227E31F0005FDC1C /* LoginVC.swift in Sources */,
				637D15A52283BE3700E5FF8E /* AddChannelVC.swift in Sources */,
				631956AD227CFDCA00E04C9E /* GradientView.swift in Sources */,
				635405CA2280FC490013AC84 /* AvatarCell.swift in Sources */,
				635D44BF227BF27800990706 /* AppDelegate.swift in Sources */,
				633CFA74227BFEC80015613E /* SWRevealViewController.m in Sources */,
				631956B0227D20E900E04C9E /* Constants.swift in Sources */,
			);
			runOnlyForDeploymentPostprocessing = 0;
		};
/* End PBXSourcesBuildPhase section */

/* Begin PBXVariantGroup section */
		635D44C2227BF27800990706 /* Main.storyboard */ = {
			isa = PBXVariantGroup;
			children = (
				635D44C3227BF27800990706 /* Base */,
			);
			name = Main.storyboard;
			sourceTree = "<group>";
		};
		635D44C7227BF27900990706 /* LaunchScreen.storyboard */ = {
			isa = PBXVariantGroup;
			children = (
				635D44C8227BF27900990706 /* Base */,
			);
			name = LaunchScreen.storyboard;
			sourceTree = "<group>";
		};
/* End PBXVariantGroup section */

/* Begin XCBuildConfiguration section */
		635D44CB227BF27900990706 /* Debug */ = {
			isa = XCBuildConfiguration;
			buildSettings = {
				ALWAYS_SEARCH_USER_PATHS = NO;
				CLANG_ANALYZER_NONNULL = YES;
				CLANG_ANALYZER_NUMBER_OBJECT_CONVERSION = YES_AGGRESSIVE;
				CLANG_CXX_LANGUAGE_STANDARD = "gnu++14";
				CLANG_CXX_LIBRARY = "libc++";
				CLANG_ENABLE_MODULES = YES;
				CLANG_ENABLE_OBJC_ARC = YES;
				CLANG_ENABLE_OBJC_WEAK = YES;
				CLANG_WARN_BLOCK_CAPTURE_AUTORELEASING = YES;
				CLANG_WARN_BOOL_CONVERSION = YES;
				CLANG_WARN_COMMA = YES;
				CLANG_WARN_CONSTANT_CONVERSION = YES;
				CLANG_WARN_DEPRECATED_OBJC_IMPLEMENTATIONS = YES;
				CLANG_WARN_DIRECT_OBJC_ISA_USAGE = YES_ERROR;
				CLANG_WARN_DOCUMENTATION_COMMENTS = YES;
				CLANG_WARN_EMPTY_BODY = YES;
				CLANG_WARN_ENUM_CONVERSION = YES;
				CLANG_WARN_INFINITE_RECURSION = YES;
				CLANG_WARN_INT_CONVERSION = YES;
				CLANG_WARN_NON_LITERAL_NULL_CONVERSION = YES;
				CLANG_WARN_OBJC_IMPLICIT_RETAIN_SELF = YES;
				CLANG_WARN_OBJC_LITERAL_CONVERSION = YES;
				CLANG_WARN_OBJC_ROOT_CLASS = YES_ERROR;
				CLANG_WARN_RANGE_LOOP_ANALYSIS = YES;
				CLANG_WARN_STRICT_PROTOTYPES = YES;
				CLANG_WARN_SUSPICIOUS_MOVE = YES;
				CLANG_WARN_UNGUARDED_AVAILABILITY = YES_AGGRESSIVE;
				CLANG_WARN_UNREACHABLE_CODE = YES;
				CLANG_WARN__DUPLICATE_METHOD_MATCH = YES;
				CODE_SIGN_IDENTITY = "iPhone Developer";
				COPY_PHASE_STRIP = NO;
				DEBUG_INFORMATION_FORMAT = dwarf;
				ENABLE_STRICT_OBJC_MSGSEND = YES;
				ENABLE_TESTABILITY = YES;
				GCC_C_LANGUAGE_STANDARD = gnu11;
				GCC_DYNAMIC_NO_PIC = NO;
				GCC_NO_COMMON_BLOCKS = YES;
				GCC_OPTIMIZATION_LEVEL = 0;
				GCC_PREPROCESSOR_DEFINITIONS = (
					"DEBUG=1",
					"$(inherited)",
				);
				GCC_WARN_64_TO_32_BIT_CONVERSION = YES;
				GCC_WARN_ABOUT_RETURN_TYPE = YES_ERROR;
				GCC_WARN_UNDECLARED_SELECTOR = YES;
				GCC_WARN_UNINITIALIZED_AUTOS = YES_AGGRESSIVE;
				GCC_WARN_UNUSED_FUNCTION = YES;
				GCC_WARN_UNUSED_VARIABLE = YES;
				IPHONEOS_DEPLOYMENT_TARGET = 12.2;
				MTL_ENABLE_DEBUG_INFO = INCLUDE_SOURCE;
				MTL_FAST_MATH = YES;
				ONLY_ACTIVE_ARCH = YES;
				SDKROOT = iphoneos;
				SWIFT_ACTIVE_COMPILATION_CONDITIONS = DEBUG;
				SWIFT_OPTIMIZATION_LEVEL = "-Onone";
			};
			name = Debug;
		};
		635D44CC227BF27900990706 /* Release */ = {
			isa = XCBuildConfiguration;
			buildSettings = {
				ALWAYS_SEARCH_USER_PATHS = NO;
				CLANG_ANALYZER_NONNULL = YES;
				CLANG_ANALYZER_NUMBER_OBJECT_CONVERSION = YES_AGGRESSIVE;
				CLANG_CXX_LANGUAGE_STANDARD = "gnu++14";
				CLANG_CXX_LIBRARY = "libc++";
				CLANG_ENABLE_MODULES = YES;
				CLANG_ENABLE_OBJC_ARC = YES;
				CLANG_ENABLE_OBJC_WEAK = YES;
				CLANG_WARN_BLOCK_CAPTURE_AUTORELEASING = YES;
				CLANG_WARN_BOOL_CONVERSION = YES;
				CLANG_WARN_COMMA = YES;
				CLANG_WARN_CONSTANT_CONVERSION = YES;
				CLANG_WARN_DEPRECATED_OBJC_IMPLEMENTATIONS = YES;
				CLANG_WARN_DIRECT_OBJC_ISA_USAGE = YES_ERROR;
				CLANG_WARN_DOCUMENTATION_COMMENTS = YES;
				CLANG_WARN_EMPTY_BODY = YES;
				CLANG_WARN_ENUM_CONVERSION = YES;
				CLANG_WARN_INFINITE_RECURSION = YES;
				CLANG_WARN_INT_CONVERSION = YES;
				CLANG_WARN_NON_LITERAL_NULL_CONVERSION = YES;
				CLANG_WARN_OBJC_IMPLICIT_RETAIN_SELF = YES;
				CLANG_WARN_OBJC_LITERAL_CONVERSION = YES;
				CLANG_WARN_OBJC_ROOT_CLASS = YES_ERROR;
				CLANG_WARN_RANGE_LOOP_ANALYSIS = YES;
				CLANG_WARN_STRICT_PROTOTYPES = YES;
				CLANG_WARN_SUSPICIOUS_MOVE = YES;
				CLANG_WARN_UNGUARDED_AVAILABILITY = YES_AGGRESSIVE;
				CLANG_WARN_UNREACHABLE_CODE = YES;
				CLANG_WARN__DUPLICATE_METHOD_MATCH = YES;
				CODE_SIGN_IDENTITY = "iPhone Developer";
				COPY_PHASE_STRIP = NO;
				DEBUG_INFORMATION_FORMAT = "dwarf-with-dsym";
				ENABLE_NS_ASSERTIONS = NO;
				ENABLE_STRICT_OBJC_MSGSEND = YES;
				GCC_C_LANGUAGE_STANDARD = gnu11;
				GCC_NO_COMMON_BLOCKS = YES;
				GCC_WARN_64_TO_32_BIT_CONVERSION = YES;
				GCC_WARN_ABOUT_RETURN_TYPE = YES_ERROR;
				GCC_WARN_UNDECLARED_SELECTOR = YES;
				GCC_WARN_UNINITIALIZED_AUTOS = YES_AGGRESSIVE;
				GCC_WARN_UNUSED_FUNCTION = YES;
				GCC_WARN_UNUSED_VARIABLE = YES;
				IPHONEOS_DEPLOYMENT_TARGET = 12.2;
				MTL_ENABLE_DEBUG_INFO = NO;
				MTL_FAST_MATH = YES;
				SDKROOT = iphoneos;
				SWIFT_COMPILATION_MODE = wholemodule;
				SWIFT_OPTIMIZATION_LEVEL = "-O";
				VALIDATE_PRODUCT = YES;
			};
			name = Release;
		};
		635D44CE227BF27900990706 /* Debug */ = {
			isa = XCBuildConfiguration;
			baseConfigurationReference = 8946E5147F33D134DB5E3342 /* Pods-Dev-smack.debug.xcconfig */;
			buildSettings = {
				ASSETCATALOG_COMPILER_APPICON_NAME = AppIcon;
				CLANG_ENABLE_MODULES = YES;
				CODE_SIGN_STYLE = Automatic;
				DEVELOPMENT_TEAM = 537D4K6YGN;
				INFOPLIST_FILE = "Dev-smack/Info.plist";
				LD_RUNPATH_SEARCH_PATHS = (
					"$(inherited)",
					"@executable_path/Frameworks",
				);
				PRODUCT_BUNDLE_IDENTIFIER = "edu.AnthonyCrane.Dev-smack";
				PRODUCT_NAME = "$(TARGET_NAME)";
				SWIFT_OBJC_BRIDGING_HEADER = "Dev-smack/Supporting Files/Dev-smack-Bridging-Header.h";
				SWIFT_OPTIMIZATION_LEVEL = "-Onone";
				SWIFT_VERSION = 5.0;
				TARGETED_DEVICE_FAMILY = "1,2";
			};
			name = Debug;
		};
		635D44CF227BF27900990706 /* Release */ = {
			isa = XCBuildConfiguration;
			baseConfigurationReference = 5EAAC2103BBC23ACF7AA2416 /* Pods-Dev-smack.release.xcconfig */;
			buildSettings = {
				ASSETCATALOG_COMPILER_APPICON_NAME = AppIcon;
				CLANG_ENABLE_MODULES = YES;
				CODE_SIGN_STYLE = Automatic;
				DEVELOPMENT_TEAM = 537D4K6YGN;
				INFOPLIST_FILE = "Dev-smack/Info.plist";
				LD_RUNPATH_SEARCH_PATHS = (
					"$(inherited)",
					"@executable_path/Frameworks",
				);
				PRODUCT_BUNDLE_IDENTIFIER = "edu.AnthonyCrane.Dev-smack";
				PRODUCT_NAME = "$(TARGET_NAME)";
				SWIFT_OBJC_BRIDGING_HEADER = "Dev-smack/Supporting Files/Dev-smack-Bridging-Header.h";
				SWIFT_VERSION = 5.0;
				TARGETED_DEVICE_FAMILY = "1,2";
			};
			name = Release;
		};
/* End XCBuildConfiguration section */

/* Begin XCConfigurationList section */
		635D44B6227BF27800990706 /* Build configuration list for PBXProject "Dev-smack" */ = {
			isa = XCConfigurationList;
			buildConfigurations = (
				635D44CB227BF27900990706 /* Debug */,
				635D44CC227BF27900990706 /* Release */,
			);
			defaultConfigurationIsVisible = 0;
			defaultConfigurationName = Release;
		};
		635D44CD227BF27900990706 /* Build configuration list for PBXNativeTarget "Dev-smack" */ = {
			isa = XCConfigurationList;
			buildConfigurations = (
				635D44CE227BF27900990706 /* Debug */,
				635D44CF227BF27900990706 /* Release */,
			);
			defaultConfigurationIsVisible = 0;
			defaultConfigurationName = Release;
		};
/* End XCConfigurationList section */
	};
	rootObject = 635D44B3227BF27800990706 /* Project object */;
}
